
Microsoft Visual Studio Solution File, Format Version 12.00
# Visual Studio Version 16
VisualStudioVersion = 16.0.31702.278
MinimumVisualStudioVersion = 10.0.40219.1
Project("{FAE04EC0-301F-11D3-BF4B-00C04F79EFBC}") = "Task18new", "Task18new\Task18new.csproj", "{AE534A36-FB57-432A-AC1D-B163BC526F03}"
EndProject
Global
	GlobalSection(SolutionConfigurationPlatforms) = preSolution
		Debug|Any CPU = Debug|Any CPU
		Release|Any CPU = Release|Any CPU
	EndGlobalSection
	GlobalSection(ProjectConfigurationPlatforms) = postSolution
		{AE534A36-FB57-432A-AC1D-B163BC526F03}.Debug|Any CPU.ActiveCfg = Debug|Any CPU
		{AE534A36-FB57-432A-AC1D-B163BC526F03}.Debug|Any CPU.Build.0 = Debug|Any CPU
		{AE534A36-FB57-432A-AC1D-B163BC526F03}.Release|Any CPU.ActiveCfg = Release|Any CPU
		{AE534A36-FB57-432A-AC1D-B163BC526F03}.Release|Any CPU.Build.0 = Release|Any CPU
	EndGlobalSection
	GlobalSection(SolutionProperties) = preSolution
		HideSolutionNode = FALSE
	EndGlobalSection
	GlobalSection(ExtensibilityGlobals) = postSolution
		SolutionGuid = {18BF0CC3-9496-4F10-AC29-55FA7B5DFEBB}
	EndGlobalSection
EndGlobal
